github.com/simple-icons/simple-icons v0.0.0-20241020003240-5e650b0e2121 h1:wQCcro5l3f/HxktygX+AvaJr7lA2pgIXM4SNM3p4/2c=
github.com/simple-icons/simple-icons v0.0.0-20241020003240-5e650b0e2121/go.mod h1:oOgUUt8yVYOso/wEBi2ojfZP2MU/xxiNccIpaE+jCvE=
github.com/simple-icons/simple-icons v0.0.0-20241027010647-3837b11e962a h1:EraQuESHaQIc6TfmiqY9tY82XOhmTR57bPIQ0U8XEGI=
github.com/simple-icons/simple-icons v0.0.0-20241027010647-3837b11e962a/go.mod h1:oOgUUt8yVYOso/wEBi2ojfZP2MU/xxiNccIpaE+jCvE=
github.com/simple-icons/simple-icons v0.0.0-20241104014334-76743db47ae7 h1:6ARGEbBXbygBLPl0gYbOLRYMCzQHsoWO/9O97LzVq3o=
github.com/simple-icons/simple-icons v0.0.0-20241104014334-76743db47ae7/go.mod h1:oOgUUt8yVYOso/wEBi2ojfZP2MU/xxiNccIpaE+jCvE=
github.com/simple-icons/simple-icons v0.0.0-20241111130212-ac8732156299 h1:/sZTlA5B4tA+2rC/1KnO1e0sM83srGGMjc342Ta4+7o=
github.com/simple-icons/simple-icons v0.0.0-20241111130212-ac8732156299/go.mod h1:oOgUUt8yVYOso/wEBi2ojfZP2MU/xxiNccIpaE+jCvE=
github.com/simple-icons/simple-icons v0.0.0-20241120153525-651be3aaf10e h1:Pde4LuwHbCUGjrrODt5mGIJ4BmGlFv5nhoddWMUbQHw=
github.com/simple-icons/simple-icons v0.0.0-20241120153525-651be3aaf10e/go.mod h1:oOgUUt8yVYOso/wEBi2ojfZP2MU/xxiNccIpaE+jCvE=
github.com/simple-icons/simple-icons v0.0.0-20241127214450-d8a4b8a385c5 h1:bKa4QlQ+oH+tVmVkBXDYN/kPUTzdIGput8mnai1ZkPM=
github.com/simple-icons/simple-icons v0.0.0-20241127214450-d8a4b8a385c5/go.mod h1:oOgUUt8yVYOso/wEBi2ojfZP2MU/xxiNccIpaE+jCvE=
github.com/simple-icons/simple-icons v0.0.0-20241202141250-fd1797e18ce3 h1:vtXJtohYjKEoG+Wgz8at7+g770RWUJ91HGJs/lbrS5c=
github.com/simple-icons/simple-icons v0.0.0-20241202141250-fd1797e18ce3/go.mod h1:oOgUUt8yVYOso/wEBi2ojfZP2MU/xxiNccIpaE+jCvE=
github.com/simple-icons/simple-icons v0.0.0-20241211184813-fdb022ccc1c7 h1:P/FTt1DU6MkoQaT/D4YgCXMgg6ivxHypS+FoyCyLPhE=
github.com/simple-icons/simple-icons v0.0.0-20241211184813-fdb022ccc1c7/go.mod h1:oOgUUt8yVYOso/wEBi2ojfZP2MU/xxiNccIpaE+jCvE=
github.com/simple-icons/simple-icons v0.0.0-20241218083349-65cad261045f h1:iWzLkEIi5EE1hzRgGSMTeRaahsApfokBZnY7dUue9aE=
github.com/simple-icons/simple-icons v0.0.0-20241218083349-65cad261045f/go.mod h1:oOgUUt8yVYOso/wEBi2ojfZP2MU/xxiNccIpaE+jCvE=
github.com/simple-icons/simple-icons v0.0.0-20241224101707-838098cdce28 h1:b9Vtboa+Lr8epMMkpUgWrunJTSP3PWd2WDU0Xb0gD9A=
github.com/simple-icons/simple-icons v0.0.0-20241224101707-838098cdce28/go.mod h1:oOgUUt8yVYOso/wEBi2ojfZP2MU/xxiNccIpaE+jCvE=
github.com/simple-icons/simple-icons v0.0.0-20241230200144-56615bc11a66 h1:AU69dK9CfkB3IxNGnpYAPbB1u0Yz1GYf8XucbkOa/Xw=
github.com/simple-icons/simple-icons v0.0.0-20241230200144-56615bc11a66/go.mod h1:oOgUUt8yVYOso/wEBi2ojfZP2MU/xxiNccIpaE+jCvE=
github.com/simple-icons/simple-icons v0.0.0-20250107094343-c9bc0f329a5a h1:IPom6YdHuw4hSkS0LdprxIAFJ8dyhBbrKxIcKxQeQpk=
github.com/simple-icons/simple-icons v0.0.0-20250107094343-c9bc0f329a5a/go.mod h1:oOgUUt8yVYOso/wEBi2ojfZP2MU/xxiNccIpaE+jCvE=
github.com/simple-icons/simple-icons v0.0.0-20250115085303-a2b3ef772a4b h1:CWY1L/XtYRdWCCguTHgMnq248k3OqSTXBZ1FS/zs8n4=
github.com/simple-icons/simple-icons v0.0.0-20250115085303-a2b3ef772a4b/go.mod h1:oOgUUt8yVYOso/wEBi2ojfZP2MU/xxiNccIpaE+jCvE=
github.com/simple-icons/simple-icons v0.0.0-20250120111058-a6ee58232d27 h1:B3JXa0dpK3GXkG/c2qSb/I+NrwhRLdiU5k0oKVcCi2Q=
github.com/simple-icons/simple-icons v0.0.0-20250120111058-a6ee58232d27/go.mod h1:oOgUUt8yVYOso/wEBi2ojfZP2MU/xxiNccIpaE+jCvE=
github.com/simple-icons/simple-icons v0.0.0-20250129175109-3a15f6d8f4d3 h1:HyzSJ483ah9VPc+ratCNzJkr0FolJBLjpl860QjwpvU=
github.com/simple-icons/simple-icons v0.0.0-20250129175109-3a15f6d8f4d3/go.mod h1:oOgUUt8yVYOso/wEBi2ojfZP2MU/xxiNccIpaE+jCvE=
github.com/simple-icons/simple-icons v0.0.0-20250205184423-aba737b33ead h1:y8yn8ZYiCZGlSySdJixVMxplP3n+QSQq5bH4ZBEztJo=
github.com/simple-icons/simple-icons v0.0.0-20250205184423-aba737b33ead/go.mod h1:oOgUUt8yVYOso/wEBi2ojfZP2MU/xxiNccIpaE+jCvE=
github.com/simple-icons/simple-icons v0.0.0-20250212200118-52637c40f83f h1:TvfFLHvODDBnowV4WDjL0zzS/XTk7hs62F+TmXR3CTU=
github.com/simple-icons/simple-icons v0.0.0-20250212200118-52637c40f83f/go.mod h1:oOgUUt8yVYOso/wEBi2ojfZP2MU/xxiNccIpaE+jCvE=
github.com/simple-icons/simple-icons v0.0.0-20250218143533-6fc51b6e7fe4 h1:LZHkReA/9KokEay/YP0RRy8tgnP+npXnvG/gWGwA96o=
github.com/simple-icons/simple-icons v0.0.0-20250218143533-6fc51b6e7fe4/go.mod h1:oOgUUt8yVYOso/wEBi2ojfZP2MU/xxiNccIpaE+jCvE=
github.com/simple-icons/simple-icons v0.0.0-20250226204602-720a3d880d2b h1:6Ws1jh2famLpsfd3LsN3WLVcrkJuDcH2/pMS7DwSspk=
github.com/simple-icons/simple-icons v0.0.0-20250226204602-720a3d880d2b/go.mod h1:oOgUUt8yVYOso/wEBi2ojfZP2MU/xxiNccIpaE+jCvE=
github.com/simple-icons/simple-icons v0.0.0-20250305172826-f4ac11daca70 h1:s+GdK1rU0ziztQeaV8AzyyPckHJ6F7EboMX7nWJw4M4=
github.com/simple-icons/simple-icons v0.0.0-20250305172826-f4ac11daca70/go.mod h1:oOgUUt8yVYOso/wEBi2ojfZP2MU/xxiNccIpaE+jCvE=
github.com/simple-icons/simple-icons v0.0.0-20250312183943-15f9d787c742 h1:/b0aMfbdhLWbREmyMa9l8lTpBMh8rt3mVM9PMcHk7k8=
github.com/simple-icons/simple-icons v0.0.0-20250312183943-15f9d787c742/go.mod h1:oOgUUt8yVYOso/wEBi2ojfZP2MU/xxiNccIpaE+jCvE=
github.com/simple-icons/simple-icons v0.0.0-20250317180856-b38c69869ec9 h1:OdsN/9HP95fCO9Lp8PCLTYGp2UBCwGyShQ0xzqN4fSw=
github.com/simple-icons/simple-icons v0.0.0-20250317180856-b38c69869ec9/go.mod h1:oOgUUt8yVYOso/wEBi2ojfZP2MU/xxiNccIpaE+jCvE=
github.com/simple-icons/simple-icons v0.0.0-20250323003426-38a0bbf9f280 h1:apXhIsR9O2I6CFohEGJTjCRUspBkKxg4tIII07jxrCA=
github.com/simple-icons/simple-icons v0.0.0-20250323003426-38a0bbf9f280/go.mod h1:oOgUUt8yVYOso/wEBi2ojfZP2MU/xxiNccIpaE+jCvE=
github.com/simple-icons/simple-icons v0.0.0-20250330081524-22abc79596bf h1:M2kFdiWhTMmxVI3LubGOO1uHW2fPXIZF+X0icAKrPjE=
github.com/simple-icons/simple-icons v0.0.0-20250330081524-22abc79596bf/go.mod h1:oOgUUt8yVYOso/wEBi2ojfZP2MU/xxiNccIpaE+jCvE=
github.com/simple-icons/simple-icons v0.0.0-20250406003438-96cf79725777 h1:/SA0zoAnj1jURGiX0BTkLl+lZyMPmeSIiOprtT1OyAo=
github.com/simple-icons/simple-icons v0.0.0-20250406003438-96cf79725777/go.mod h1:oOgUUt8yVYOso/wEBi2ojfZP2MU/xxiNccIpaE+jCvE=
github.com/simple-icons/simple-icons v0.0.0-20250414160348-196c5713f742 h1:DuJxuoytqiLmo5V0JKhYDrJONvFPjkW5dJX5aMqh4X8=
github.com/simple-icons/simple-icons v0.0.0-20250414160348-196c5713f742/go.mod h1:oOgUUt8yVYOso/wEBi2ojfZP2MU/xxiNccIpaE+jCvE=
github.com/simple-icons/simple-icons v0.0.0-20250420003549-4a3c704ae733 h1:/1ehwE5hPght9y1jPYU5/eUUp4KMM0l8jbmwxIw7B6E=
github.com/simple-icons/simple-icons v0.0.0-20250420003549-4a3c704ae733/go.mod h1:oOgUUt8yVYOso/wEBi2ojfZP2MU/xxiNccIpaE+jCvE=
github.com/simple-icons/simple-icons v0.0.0-20250505044317-9b500eb5745b h1:ckHbKNAojwlBJjaHMyzTAY+A0IhKmR4UJn35rLmhjoM=
github.com/simple-icons/simple-icons v0.0.0-20250505044317-9b500eb5745b/go.mod h1:oOgUUt8yVYOso/wEBi2ojfZP2MU/xxiNccIpaE+jCvE=
github.com/simple-icons/simple-icons v0.0.0-20250514173432-87629e64d222 h1:aIrhQEqRpy63K1DKrFB2SwRnApU0044iAvsuHaD1AoA=
github.com/simple-icons/simple-icons v0.0.0-20250514173432-87629e64d222/go.mod h1:oOgUUt8yVYOso/wEBi2ojfZP2MU/xxiNccIpaE+jCvE=
github.com/simple-icons/simple-icons v0.0.0-20250521155220-5d82a28322ea h1:w4Dl2xd+WJYO+YDRa8k3Kct2f27nnJP7OvdzVi8cXew=
github.com/simple-icons/simple-icons v0.0.0-20250521155220-5d82a28322ea/go.mod h1:oOgUUt8yVYOso/wEBi2ojfZP2MU/xxiNccIpaE+jCvE=
github.com/simple-icons/simple-icons v0.0.0-20250528161849-50770347051f h1:Js8mBSjrrKfucmHcq8gLWiGfyeCd7izr0pxfbhcVm4c=
github.com/simple-icons/simple-icons v0.0.0-20250528161849-50770347051f/go.mod h1:oOgUUt8yVYOso/wEBi2ojfZP2MU/xxiNccIpaE+jCvE=
github.com/simple-icons/simple-icons v0.0.0-20250604104327-5e1973e1dde8 h1:K/q7AOPUV/b/1e6oEMsqBqxZUrTDjbjFpnO0iX8ywl8=
github.com/simple-icons/simple-icons v0.0.0-20250604104327-5e1973e1dde8/go.mod h1:oOgUUt8yVYOso/wEBi2ojfZP2MU/xxiNccIpaE+jCvE=
github.com/simple-icons/simple-icons v0.0.0-20250611215424-d1b50d98b4b9 h1:bsnmp6BFlc68VFA6G/5Ix1Shhyy7deGOdpPVFQGl2b4=
github.com/simple-icons/simple-icons v0.0.0-20250611215424-d1b50d98b4b9/go.mod h1:oOgUUt8yVYOso/wEBi2ojfZP2MU/xxiNccIpaE+jCvE=
github.com/simple-icons/simple-icons v0.0.0-20250618214015-6f396a3d3b3d h1:BpttBauWH3sUjjoU9xi765nUWhvEmSFLyn0mrG61mAo=
github.com/simple-icons/simple-icons v0.0.0-20250618214015-6f396a3d3b3d/go.mod h1:oOgUUt8yVYOso/wEBi2ojfZP2MU/xxiNccIpaE+jCvE=
github.com/simple-icons/simple-icons v0.0.0-20250625161838-92c49822bc2c h1:i1ISMEE4rBK7knHKCsd/iFdhSUAl2mR7aiFOJbIVErE=
github.com/simple-icons/simple-icons v0.0.0-20250625161838-92c49822bc2c/go.mod h1:oOgUUt8yVYOso/wEBi2ojfZP2MU/xxiNccIpaE+jCvE=
github.com/simple-icons/simple-icons v0.0.0-20250702075003-e44fbde35e93 h1:9N3PDlroKVjdhpsSufFsTmRblwdBHYtKxYLYrDm1eCQ=
github.com/simple-icons/simple-icons v0.0.0-20250702075003-e44fbde35e93/go.mod h1:oOgUUt8yVYOso/wEBi2ojfZP2MU/xxiNccIpaE+jCvE=
github.com/simple-icons/simple-icons v0.0.0-20250708154732-3d8417ed2e85 h1:DR3z7q0O0tX7445F8HyBDUA+9aSqZvpblmdXUdZLcX0=
github.com/simple-icons/simple-icons v0.0.0-20250708154732-3d8417ed2e85/go.mod h1:oOgUUt8yVYOso/wEBi2ojfZP2MU/xxiNccIpaE+jCvE=
