github.com/simple-icons/simple-icons v0.0.0-20201025110046-413f781fd706 h1:dXop39uj0JjYZqKfD2t8URe2CcmafSMnnX2ReK2/0J8=
github.com/simple-icons/simple-icons v0.0.0-20201025110046-413f781fd706/go.mod h1:oOgUUt8yVYOso/wEBi2ojfZP2MU/xxiNccIpaE+jCvE=
github.com/simple-icons/simple-icons v1.20.0 h1:8EcAB1gtEaNkJYfOdc6s/4Js8LvqN1f6u/sNuMooK7U=
github.com/simple-icons/simple-icons v2.17.1+incompatible h1:bZgl1gWxwNGgM57/RS50pb/6tGFXW6Jr95kYaZwvGJ0=
github.com/simple-icons/simple-icons v2.17.1+incompatible/go.mod h1:oOgUUt8yVYOso/wEBi2ojfZP2MU/xxiNccIpaE+jCvE=
