github.com/simple-icons/simple-icons v0.0.0-20241020003240-5e650b0e2121 h1:wQCcro5l3f/HxktygX+AvaJr7lA2pgIXM4SNM3p4/2c=
github.com/simple-icons/simple-icons v0.0.0-20241020003240-5e650b0e2121/go.mod h1:oOgUUt8yVYOso/wEBi2ojfZP2MU/xxiNccIpaE+jCvE=
github.com/simple-icons/simple-icons v0.0.0-20241027010647-3837b11e962a h1:EraQuESHaQIc6TfmiqY9tY82XOhmTR57bPIQ0U8XEGI=
github.com/simple-icons/simple-icons v0.0.0-20241027010647-3837b11e962a/go.mod h1:oOgUUt8yVYOso/wEBi2ojfZP2MU/xxiNccIpaE+jCvE=
github.com/simple-icons/simple-icons v0.0.0-20241104014334-76743db47ae7 h1:6ARGEbBXbygBLPl0gYbOLRYMCzQHsoWO/9O97LzVq3o=
github.com/simple-icons/simple-icons v0.0.0-20241104014334-76743db47ae7/go.mod h1:oOgUUt8yVYOso/wEBi2ojfZP2MU/xxiNccIpaE+jCvE=
github.com/simple-icons/simple-icons v0.0.0-20241111130212-ac8732156299 h1:/sZTlA5B4tA+2rC/1KnO1e0sM83srGGMjc342Ta4+7o=
github.com/simple-icons/simple-icons v0.0.0-20241111130212-ac8732156299/go.mod h1:oOgUUt8yVYOso/wEBi2ojfZP2MU/xxiNccIpaE+jCvE=
